// !$*UTF8*$!
{
	archiveVersion = 1;
	classes = {
	};
	objectVersion = 50;
	objects = {

/* Begin PBXBuildFile section */
		97302380250BC0970061CF99 /* AppDelegate.swift in Sources */ = {isa = PBXBuildFile; fileRef = 9730237F250BC0970061CF99 /* AppDelegate.swift */; };
		97302382250BC0970061CF99 /* SceneDelegate.swift in Sources */ = {isa = PBXBuildFile; fileRef = 97302381250BC0970061CF99 /* SceneDelegate.swift */; };
		97302384250BC0970061CF99 /* ViewController.swift in Sources */ = {isa = PBXBuildFile; fileRef = 97302383250BC0970061CF99 /* ViewController.swift */; };
		97302387250BC0970061CF99 /* Main.storyboard in Resources */ = {isa = PBXBuildFile; fileRef = 97302385250BC0970061CF99 /* Main.storyboard */; };
		97302389250BC09F0061CF99 /* Assets.xcassets in Resources */ = {isa = PBXBuildFile; fileRef = 97302388250BC09F0061CF99 /* Assets.xcassets */; };
		9730238C250BC09F0061CF99 /* LaunchScreen.storyboard in Resources */ = {isa = PBXBuildFile; fileRef = 9730238A250BC09F0061CF99 /* LaunchScreen.storyboard */; };
		97302397250BC09F0061CF99 /* minecraftPotionsTests.swift in Sources */ = {isa = PBXBuildFile; fileRef = 97302396250BC09F0061CF99 /* minecraftPotionsTests.swift */; };
		973023A2250BC09F0061CF99 /* minecraftPotionsUITests.swift in Sources */ = {isa = PBXBuildFile; fileRef = 973023A1250BC09F0061CF99 /* minecraftPotionsUITests.swift */; };
		97A3199025505644008BBD98 /* ingredientVC.swift in Sources */ = {isa = PBXBuildFile; fileRef = 97A3198F25505644008BBD98 /* ingredientVC.swift */; };
/* End PBXBuildFile section */

/* Begin PBXContainerItemProxy section */
		97302393250BC09F0061CF99 /* PBXContainerItemProxy */ = {
			isa = PBXContainerItemProxy;
			containerPortal = 97302374250BC0970061CF99 /* Project object */;
			proxyType = 1;
			remoteGlobalIDString = 9730237B250BC0970061CF99;
			remoteInfo = minecraftPotions;
		};
		9730239E250BC09F0061CF99 /* PBXContainerItemProxy */ = {
			isa = PBXContainerItemProxy;
			containerPortal = 97302374250BC0970061CF99 /* Project object */;
			proxyType = 1;
			remoteGlobalIDString = 9730237B250BC0970061CF99;
			remoteInfo = minecraftPotions;
		};
/* End PBXContainerItemProxy section */

/* Begin PBXFileReference section */
		9730237C250BC0970061CF99 /* minecraftPotions.app */ = {isa = PBXFileReference; explicitFileType = wrapper.application; includeInIndex = 0; path = minecraftPotions.app; sourceTree = BUILT_PRODUCTS_DIR; };
		9730237F250BC0970061CF99 /* AppDelegate.swift */ = {isa = PBXFileReference; lastKnownFileType = sourcecode.swift; path = AppDelegate.swift; sourceTree = "<group>"; };
		97302381250BC0970061CF99 /* SceneDelegate.swift */ = {isa = PBXFileReference; lastKnownFileType = sourcecode.swift; path = SceneDelegate.swift; sourceTree = "<group>"; };
		97302383250BC0970061CF99 /* ViewController.swift */ = {isa = PBXFileReference; lastKnownFileType = sourcecode.swift; path = ViewController.swift; sourceTree = "<group>"; };
		97302386250BC0970061CF99 /* Base */ = {isa = PBXFileReference; lastKnownFileType = file.storyboard; name = Base; path = Base.lproj/Main.storyboard; sourceTree = "<group>"; };
		97302388250BC09F0061CF99 /* Assets.xcassets */ = {isa = PBXFileReference; lastKnownFileType = folder.assetcatalog; path = Assets.xcassets; sourceTree = "<group>"; };
		9730238B250BC09F0061CF99 /* Base */ = {isa = PBXFileReference; lastKnownFileType = file.storyboard; name = Base; path = Base.lproj/LaunchScreen.storyboard; sourceTree = "<group>"; };
		9730238D250BC09F0061CF99 /* Info.plist */ = {isa = PBXFileReference; lastKnownFileType = text.plist.xml; path = Info.plist; sourceTree = "<group>"; };
		97302392250BC09F0061CF99 /* minecraftPotionsTests.xctest */ = {isa = PBXFileReference; explicitFileType = wrapper.cfbundle; includeInIndex = 0; path = minecraftPotionsTests.xctest; sourceTree = BUILT_PRODUCTS_DIR; };
		97302396250BC09F0061CF99 /* minecraftPotionsTests.swift */ = {isa = PBXFileReference; lastKnownFileType = sourcecode.swift; path = minecraftPotionsTests.swift; sourceTree = "<group>"; };
		97302398250BC09F0061CF99 /* Info.plist */ = {isa = PBXFileReference; lastKnownFileType = text.plist.xml; path = Info.plist; sourceTree = "<group>"; };
		9730239D250BC09F0061CF99 /* minecraftPotionsUITests.xctest */ = {isa = PBXFileReference; explicitFileType = wrapper.cfbundle; includeInIndex = 0; path = minecraftPotionsUITests.xctest; sourceTree = BUILT_PRODUCTS_DIR; };
		973023A1250BC09F0061CF99 /* minecraftPotionsUITests.swift */ = {isa = PBXFileReference; lastKnownFileType = sourcecode.swift; path = minecraftPotionsUITests.swift; sourceTree = "<group>"; };
		973023A3250BC09F0061CF99 /* Info.plist */ = {isa = PBXFileReference; lastKnownFileType = text.plist.xml; path = Info.plist; sourceTree = "<group>"; };
		97A3198F25505644008BBD98 /* ingredientVC.swift */ = {isa = PBXFileReference; lastKnownFileType = sourcecode.swift; path = ingredientVC.swift; sourceTree = "<group>"; };
/* End PBXFileReference section */

/* Begin PBXFrameworksBuildPhase section */
		97302379250BC0970061CF99 /* Frameworks */ = {
			isa = PBXFrameworksBuildPhase;
			buildActionMask = 2147483647;
			files = (
			);
			runOnlyForDeploymentPostprocessing = 0;
		};
		9730238F250BC09F0061CF99 /* Frameworks */ = {
			isa = PBXFrameworksBuildPhase;
			buildActionMask = 2147483647;
			files = (
			);
			runOnlyForDeploymentPostprocessing = 0;
		};
		9730239A250BC09F0061CF99 /* Frameworks */ = {
			isa = PBXFrameworksBuildPhase;
			buildActionMask = 2147483647;
			files = (
			);
			runOnlyForDeploymentPostprocessing = 0;
		};
/* End PBXFrameworksBuildPhase section */

/* Begin PBXGroup section */
		97302373250BC0970061CF99 = {
			isa = PBXGroup;
			children = (
				9730237E250BC0970061CF99 /* minecraftPotions */,
				97302395250BC09F0061CF99 /* minecraftPotionsTests */,
				973023A0250BC09F0061CF99 /* minecraftPotionsUITests */,
				9730237D250BC0970061CF99 /* Products */,
			);
			sourceTree = "<group>";
		};
		9730237D250BC0970061CF99 /* Products */ = {
			isa = PBXGroup;
			children = (
				9730237C250BC0970061CF99 /* minecraftPotions.app */,
				97302392250BC09F0061CF99 /* minecraftPotionsTests.xctest */,
				9730239D250BC09F0061CF99 /* minecraftPotionsUITests.xctest */,
			);
			name = Products;
			sourceTree = "<group>";
		};
		9730237E250BC0970061CF99 /* minecraftPotions */ = {
			isa = PBXGroup;
			children = (
				9730237F250BC0970061CF99 /* AppDelegate.swift */,
				97302381250BC0970061CF99 /* SceneDelegate.swift */,
				97302383250BC0970061CF99 /* ViewController.swift */,
				97302385250BC0970061CF99 /* Main.storyboard */,
				97A3198F25505644008BBD98 /* ingredientVC.swift */,
				97302388250BC09F0061CF99 /* Assets.xcassets */,
				9730238A250BC09F0061CF99 /* LaunchScreen.storyboard */,
				9730238D250BC09F0061CF99 /* Info.plist */,
			);
			path = minecraftPotions;
			sourceTree = "<group>";
		};
		97302395250BC09F0061CF99 /* minecraftPotionsTests */ = {
			isa = PBXGroup;
			children = (
				97302396250BC09F0061CF99 /* minecraftPotionsTests.swift */,
				97302398250BC09F0061CF99 /* Info.plist */,
			);
			path = minecraftPotionsTests;
			sourceTree = "<group>";
		};
		973023A0250BC09F0061CF99 /* minecraftPotionsUITests */ = {
			isa = PBXGroup;
			children = (
				973023A1250BC09F0061CF99 /* minecraftPotionsUITests.swift */,
				973023A3250BC09F0061CF99 /* Info.plist */,
			);
			path = minecraftPotionsUITests;
			sourceTree = "<group>";
		};
/* End PBXGroup section */

/* Begin PBXNativeTarget section */
		9730237B250BC0970061CF99 /* minecraftPotions */ = {
			isa = PBXNativeTarget;
			buildConfigurationList = 973023A6250BC09F0061CF99 /* Build configuration list for PBXNativeTarget "minecraftPotions" */;
			buildPhases = (
				97302378250BC0970061CF99 /* Sources */,
				97302379250BC0970061CF99 /* Frameworks */,
				9730237A250BC0970061CF99 /* Resources */,
			);
			buildRules = (
			);
			dependencies = (
			);
			name = minecraftPotions;
			productName = minecraftPotions;
			productReference = 9730237C250BC0970061CF99 /* minecraftPotions.app */;
			productType = "com.apple.product-type.application";
		};
		97302391250BC09F0061CF99 /* minecraftPotionsTests */ = {
			isa = PBXNativeTarget;
			buildConfigurationList = 973023A9250BC09F0061CF99 /* Build configuration list for PBXNativeTarget "minecraftPotionsTests" */;
			buildPhases = (
				9730238E250BC09F0061CF99 /* Sources */,
				9730238F250BC09F0061CF99 /* Frameworks */,
				97302390250BC09F0061CF99 /* Resources */,
			);
			buildRules = (
			);
			dependencies = (
				97302394250BC09F0061CF99 /* PBXTargetDependency */,
			);
			name = minecraftPotionsTests;
			productName = minecraftPotionsTests;
			productReference = 97302392250BC09F0061CF99 /* minecraftPotionsTests.xctest */;
			productType = "com.apple.product-type.bundle.unit-test";
		};
		9730239C250BC09F0061CF99 /* minecraftPotionsUITests */ = {
			isa = PBXNativeTarget;
			buildConfigurationList = 973023AC250BC09F0061CF99 /* Build configuration list for PBXNativeTarget "minecraftPotionsUITests" */;
			buildPhases = (
				97302399250BC09F0061CF99 /* Sources */,
				9730239A250BC09F0061CF99 /* Frameworks */,
				9730239B250BC09F0061CF99 /* Resources */,
			);
			buildRules = (
			);
			dependencies = (
				9730239F250BC09F0061CF99 /* PBXTargetDependency */,
			);
			name = minecraftPotionsUITests;
			productName = minecraftPotionsUITests;
			productReference = 9730239D250BC09F0061CF99 /* minecraftPotionsUITests.xctest */;
			productType = "com.apple.product-type.bundle.ui-testing";
		};
/* End PBXNativeTarget section */

/* Begin PBXProject section */
		97302374250BC0970061CF99 /* Project object */ = {
			isa = PBXProject;
			attributes = {
				LastSwiftUpdateCheck = 1110;
				LastUpgradeCheck = 1110;
				ORGANIZATIONNAME = BriansApps;
				TargetAttributes = {
					9730237B250BC0970061CF99 = {
						CreatedOnToolsVersion = 11.1;
					};
					97302391250BC09F0061CF99 = {
						CreatedOnToolsVersion = 11.1;
						TestTargetID = 9730237B250BC0970061CF99;
					};
					9730239C250BC09F0061CF99 = {
						CreatedOnToolsVersion = 11.1;
						TestTargetID = 9730237B250BC0970061CF99;
					};
				};
			};
			buildConfigurationList = 97302377250BC0970061CF99 /* Build configuration list for PBXProject "minecraftPotions" */;
			compatibilityVersion = "Xcode 9.3";
			developmentRegion = en;
			hasScannedForEncodings = 0;
			knownRegions = (
				en,
				Base,
			);
			mainGroup = 97302373250BC0970061CF99;
			productRefGroup = 9730237D250BC0970061CF99 /* Products */;
			projectDirPath = "";
			projectRoot = "";
			targets = (
				9730237B250BC0970061CF99 /* minecraftPotions */,
				97302391250BC09F0061CF99 /* minecraftPotionsTests */,
				9730239C250BC09F0061CF99 /* minecraftPotionsUITests */,
			);
		};
/* End PBXProject section */

/* Begin PBXResourcesBuildPhase section */
		9730237A250BC0970061CF99 /* Resources */ = {
			isa = PBXResourcesBuildPhase;
			buildActionMask = 2147483647;
			files = (
				9730238C250BC09F0061CF99 /* LaunchScreen.storyboard in Resources */,
				97302389250BC09F0061CF99 /* Assets.xcassets in Resources */,
				97302387250BC0970061CF99 /* Main.storyboard in Resources */,
			);
			runOnlyForDeploymentPostprocessing = 0;
		};
		97302390250BC09F0061CF99 /* Resources */ = {
			isa = PBXResourcesBuildPhase;
			buildActionMask = 2147483647;
			files = (
			);
			runOnlyForDeploymentPostprocessing = 0;
		};
		9730239B250BC09F0061CF99 /* Resources */ = {
			isa = PBXResourcesBuildPhase;
			buildActionMask = 2147483647;
			files = (
			);
			runOnlyForDeploymentPostprocessing = 0;
		};
/* End PBXResourcesBuildPhase section */

/* Begin PBXSourcesBuildPhase section */
		97302378250BC0970061CF99 /* Sources */ = {
			isa = PBXSourcesBuildPhase;
			buildActionMask = 2147483647;
			files = (
				97302384250BC0970061CF99 /* ViewController.swift in Sources */,
				97302380250BC0970061CF99 /* AppDelegate.swift in Sources */,
				97302382250BC0970061CF99 /* SceneDelegate.swift in Sources */,
				97A3199025505644008BBD98 /* ingredientVC.swift in Sources */,
			);
			runOnlyForDeploymentPostprocessing = 0;
		};
		9730238E250BC09F0061CF99 /* Sources */ = {
			isa = PBXSourcesBuildPhase;
			buildActionMask = 2147483647;
			files = (
				97302397250BC09F0061CF99 /* minecraftPotionsTests.swift in Sources */,
			);
			runOnlyForDeploymentPostprocessing = 0;
		};
		97302399250BC09F0061CF99 /* Sources */ = {
			isa = PBXSourcesBuildPhase;
			buildActionMask = 2147483647;
			files = (
				973023A2250BC09F0061CF99 /* minecraftPotionsUITests.swift in Sources */,
			);
			runOnlyForDeploymentPostprocessing = 0;
		};
/* End PBXSourcesBuildPhase section */

/* Begin PBXTargetDependency section */
		97302394250BC09F0061CF99 /* PBXTargetDependency */ = {
			isa = PBXTargetDependency;
			target = 9730237B250BC0970061CF99 /* minecraftPotions */;
			targetProxy = 97302393250BC09F0061CF99 /* PBXContainerItemProxy */;
		};
		9730239F250BC09F0061CF99 /* PBXTargetDependency */ = {
			isa = PBXTargetDependency;
			target = 9730237B250BC0970061CF99 /* minecraftPotions */;
			targetProxy = 9730239E250BC09F0061CF99 /* PBXContainerItemProxy */;
		};
/* End PBXTargetDependency section */

/* Begin PBXVariantGroup section */
		97302385250BC0970061CF99 /* Main.storyboard */ = {
			isa = PBXVariantGroup;
			children = (
				97302386250BC0970061CF99 /* Base */,
			);
			name = Main.storyboard;
			sourceTree = "<group>";
		};
		9730238A250BC09F0061CF99 /* LaunchScreen.storyboard */ = {
			isa = PBXVariantGroup;
			children = (
				9730238B250BC09F0061CF99 /* Base */,
			);
			name = LaunchScreen.storyboard;
			sourceTree = "<group>";
		};
/* End PBXVariantGroup section */

/* Begin XCBuildConfiguration section */
		973023A4250BC09F0061CF99 /* Debug */ = {
			isa = XCBuildConfiguration;
			buildSettings = {
				ALWAYS_SEARCH_USER_PATHS = NO;
				CLANG_ANALYZER_NONNULL = YES;
				CLANG_ANALYZER_NUMBER_OBJECT_CONVERSION = YES_AGGRESSIVE;
				CLANG_CXX_LANGUAGE_STANDARD = "gnu++14";
				CLANG_CXX_LIBRARY = "libc++";
				CLANG_ENABLE_MODULES = YES;
				CLANG_ENABLE_OBJC_ARC = YES;
				CLANG_ENABLE_OBJC_WEAK = YES;
				CLANG_WARN_BLOCK_CAPTURE_AUTORELEASING = YES;
				CLANG_WARN_BOOL_CONVERSION = YES;
				CLANG_WARN_COMMA = YES;
				CLANG_WARN_CONSTANT_CONVERSION = YES;
				CLANG_WARN_DEPRECATED_OBJC_IMPLEMENTATIONS = YES;
				CLANG_WARN_DIRECT_OBJC_ISA_USAGE = YES_ERROR;
				CLANG_WARN_DOCUMENTATION_COMMENTS = YES;
				CLANG_WARN_EMPTY_BODY = YES;
				CLANG_WARN_ENUM_CONVERSION = YES;
				CLANG_WARN_INFINITE_RECURSION = YES;
				CLANG_WARN_INT_CONVERSION = YES;
				CLANG_WARN_NON_LITERAL_NULL_CONVERSION = YES;
				CLANG_WARN_OBJC_IMPLICIT_RETAIN_SELF = YES;
				CLANG_WARN_OBJC_LITERAL_CONVERSION = YES;
				CLANG_WARN_OBJC_ROOT_CLASS = YES_ERROR;
				CLANG_WARN_RANGE_LOOP_ANALYSIS = YES;
				CLANG_WARN_STRICT_PROTOTYPES = YES;
				CLANG_WARN_SUSPICIOUS_MOVE = YES;
				CLANG_WARN_UNGUARDED_AVAILABILITY = YES_AGGRESSIVE;
				CLANG_WARN_UNREACHABLE_CODE = YES;
				CLANG_WARN__DUPLICATE_METHOD_MATCH = YES;
				COPY_PHASE_STRIP = NO;
				DEBUG_INFORMATION_FORMAT = dwarf;
				ENABLE_STRICT_OBJC_MSGSEND = YES;
				ENABLE_TESTABILITY = YES;
				GCC_C_LANGUAGE_STANDARD = gnu11;
				GCC_DYNAMIC_NO_PIC = NO;
				GCC_NO_COMMON_BLOCKS = YES;
				GCC_OPTIMIZATION_LEVEL = 0;
				GCC_PREPROCESSOR_DEFINITIONS = (
					"DEBUG=1",
					"$(inherited)",
				);
				GCC_WARN_64_TO_32_BIT_CONVERSION = YES;
				GCC_WARN_ABOUT_RETURN_TYPE = YES_ERROR;
				GCC_WARN_UNDECLARED_SELECTOR = YES;
				GCC_WARN_UNINITIALIZED_AUTOS = YES_AGGRESSIVE;
				GCC_WARN_UNUSED_FUNCTION = YES;
				GCC_WARN_UNUSED_VARIABLE = YES;
				IPHONEOS_DEPLOYMENT_TARGET = 13.1;
				MTL_ENABLE_DEBUG_INFO = INCLUDE_SOURCE;
				MTL_FAST_MATH = YES;
				ONLY_ACTIVE_ARCH = YES;
				SDKROOT = iphoneos;
				SWIFT_ACTIVE_COMPILATION_CONDITIONS = DEBUG;
				SWIFT_OPTIMIZATION_LEVEL = "-Onone";
			};
			name = Debug;
		};
		973023A5250BC09F0061CF99 /* Release */ = {
			isa = XCBuildConfiguration;
			buildSettings = {
				ALWAYS_SEARCH_USER_PATHS = NO;
				CLANG_ANALYZER_NONNULL = YES;
				CLANG_ANALYZER_NUMBER_OBJECT_CONVERSION = YES_AGGRESSIVE;
				CLANG_CXX_LANGUAGE_STANDARD = "gnu++14";
				CLANG_CXX_LIBRARY = "libc++";
				CLANG_ENABLE_MODULES = YES;
				CLANG_ENABLE_OBJC_ARC = YES;
				CLANG_ENABLE_OBJC_WEAK = YES;
				CLANG_WARN_BLOCK_CAPTURE_AUTORELEASING = YES;
				CLANG_WARN_BOOL_CONVERSION = YES;
				CLANG_WARN_COMMA = YES;
				CLANG_WARN_CONSTANT_CONVERSION = YES;
				CLANG_WARN_DEPRECATED_OBJC_IMPLEMENTATIONS = YES;
				CLANG_WARN_DIRECT_OBJC_ISA_USAGE = YES_ERROR;
				CLANG_WARN_DOCUMENTATION_COMMENTS = YES;
				CLANG_WARN_EMPTY_BODY = YES;
				CLANG_WARN_ENUM_CONVERSION = YES;
				CLANG_WARN_INFINITE_RECURSION = YES;
				CLANG_WARN_INT_CONVERSION = YES;
				CLANG_WARN_NON_LITERAL_NULL_CONVERSION = YES;
				CLANG_WARN_OBJC_IMPLICIT_RETAIN_SELF = YES;
				CLANG_WARN_OBJC_LITERAL_CONVERSION = YES;
				CLANG_WARN_OBJC_ROOT_CLASS = YES_ERROR;
				CLANG_WARN_RANGE_LOOP_ANALYSIS = YES;
				CLANG_WARN_STRICT_PROTOTYPES = YES;
				CLANG_WARN_SUSPICIOUS_MOVE = YES;
				CLANG_WARN_UNGUARDED_AVAILABILITY = YES_AGGRESSIVE;
				CLANG_WARN_UNREACHABLE_CODE = YES;
				CLANG_WARN__DUPLICATE_METHOD_MATCH = YES;
				COPY_PHASE_STRIP = NO;
				DEBUG_INFORMATION_FORMAT = "dwarf-with-dsym";
				ENABLE_NS_ASSERTIONS = NO;
				ENABLE_STRICT_OBJC_MSGSEND = YES;
				GCC_C_LANGUAGE_STANDARD = gnu11;
				GCC_NO_COMMON_BLOCKS = YES;
				GCC_WARN_64_TO_32_BIT_CONVERSION = YES;
				GCC_WARN_ABOUT_RETURN_TYPE = YES_ERROR;
				GCC_WARN_UNDECLARED_SELECTOR = YES;
				GCC_WARN_UNINITIALIZED_AUTOS = YES_AGGRESSIVE;
				GCC_WARN_UNUSED_FUNCTION = YES;
				GCC_WARN_UNUSED_VARIABLE = YES;
				IPHONEOS_DEPLOYMENT_TARGET = 13.1;
				MTL_ENABLE_DEBUG_INFO = NO;
				MTL_FAST_MATH = YES;
				SDKROOT = iphoneos;
				SWIFT_COMPILATION_MODE = wholemodule;
				SWIFT_OPTIMIZATION_LEVEL = "-O";
				VALIDATE_PRODUCT = YES;
			};
			name = Release;
		};
		973023A7250BC09F0061CF99 /* Debug */ = {
			isa = XCBuildConfiguration;
			buildSettings = {
				ASSETCATALOG_COMPILER_APPICON_NAME = AppIcon;
				CODE_SIGN_STYLE = Automatic;
				INFOPLIST_FILE = minecraftPotions/Info.plist;
				LD_RUNPATH_SEARCH_PATHS = (
					"$(inherited)",
					"@executable_path/Frameworks",
				);
				PRODUCT_BUNDLE_IDENTIFIER = com.BriansApps.minecraftPotions;
				PRODUCT_NAME = "$(TARGET_NAME)";
				SWIFT_VERSION = 5.0;
				TARGETED_DEVICE_FAMILY = "1,2";
			};
			name = Debug;
		};
		973023A8250BC09F0061CF99 /* Release */ = {
			isa = XCBuildConfiguration;
			buildSettings = {
				ASSETCATALOG_COMPILER_APPICON_NAME = AppIcon;
				CODE_SIGN_STYLE = Automatic;
				INFOPLIST_FILE = minecraftPotions/Info.plist;
				LD_RUNPATH_SEARCH_PATHS = (
					"$(inherited)",
					"@executable_path/Frameworks",
				);
				PRODUCT_BUNDLE_IDENTIFIER = com.BriansApps.minecraftPotions;
				PRODUCT_NAME = "$(TARGET_NAME)";
				SWIFT_VERSION = 5.0;
				TARGETED_DEVICE_FAMILY = "1,2";
			};
			name = Release;
		};
		973023AA250BC09F0061CF99 /* Debug */ = {
			isa = XCBuildConfiguration;
			buildSettings = {
				ALWAYS_EMBED_SWIFT_STANDARD_LIBRARIES = YES;
				BUNDLE_LOADER = "$(TEST_HOST)";
				CODE_SIGN_STYLE = Automatic;
				INFOPLIST_FILE = minecraftPotionsTests/Info.plist;
				IPHONEOS_DEPLOYMENT_TARGET = 13.1;
				LD_RUNPATH_SEARCH_PATHS = (
					"$(inherited)",
					"@executable_path/Frameworks",
					"@loader_path/Frameworks",
				);
				PRODUCT_BUNDLE_IDENTIFIER = com.BriansApps.minecraftPotionsTests;
				PRODUCT_NAME = "$(TARGET_NAME)";
				SWIFT_VERSION = 5.0;
				TARGETED_DEVICE_FAMILY = "1,2";
				TEST_HOST = "$(BUILT_PRODUCTS_DIR)/minecraftPotions.app/minecraftPotions";
			};
			name = Debug;
		};
		973023AB250BC09F0061CF99 /* Release */ = {
			isa = XCBuildConfiguration;
			buildSettings = {
				ALWAYS_EMBED_SWIFT_STANDARD_LIBRARIES = YES;
				BUNDLE_LOADER = "$(TEST_HOST)";
				CODE_SIGN_STYLE = Automatic;
				INFOPLIST_FILE = minecraftPotionsTests/Info.plist;
				IPHONEOS_DEPLOYMENT_TARGET = 13.1;
				LD_RUNPATH_SEARCH_PATHS = (
					"$(inherited)",
					"@executable_path/Frameworks",
					"@loader_path/Frameworks",
				);
				PRODUCT_BUNDLE_IDENTIFIER = com.BriansApps.minecraftPotionsTests;
				PRODUCT_NAME = "$(TARGET_NAME)";
				SWIFT_VERSION = 5.0;
				TARGETED_DEVICE_FAMILY = "1,2";
				TEST_HOST = "$(BUILT_PRODUCTS_DIR)/minecraftPotions.app/minecraftPotions";
			};
			name = Release;
		};
		973023AD250BC09F0061CF99 /* Debug */ = {
			isa = XCBuildConfiguration;
			buildSettings = {
				ALWAYS_EMBED_SWIFT_STANDARD_LIBRARIES = YES;
				CODE_SIGN_STYLE = Automatic;
				INFOPLIST_FILE = minecraftPotionsUITests/Info.plist;
				LD_RUNPATH_SEARCH_PATHS = (
					"$(inherited)",
					"@executable_path/Frameworks",
					"@loader_path/Frameworks",
				);
				PRODUCT_BUNDLE_IDENTIFIER = com.BriansApps.minecraftPotionsUITests;
				PRODUCT_NAME = "$(TARGET_NAME)";
				SWIFT_VERSION = 5.0;
				TARGETED_DEVICE_FAMILY = "1,2";
				TEST_TARGET_NAME = minecraftPotions;
			};
			name = Debug;
		};
		973023AE250BC09F0061CF99 /* Release */ = {
			isa = XCBuildConfiguration;
			buildSettings = {
				ALWAYS_EMBED_SWIFT_STANDARD_LIBRARIES = YES;
				CODE_SIGN_STYLE = Automatic;
				INFOPLIST_FILE = minecraftPotionsUITests/Info.plist;
				LD_RUNPATH_SEARCH_PATHS = (
					"$(inherited)",
					"@executable_path/Frameworks",
					"@loader_path/Frameworks",
				);
				PRODUCT_BUNDLE_IDENTIFIER = com.BriansApps.minecraftPotionsUITests;
				PRODUCT_NAME = "$(TARGET_NAME)";
				SWIFT_VERSION = 5.0;
				TARGETED_DEVICE_FAMILY = "1,2";
				TEST_TARGET_NAME = minecraftPotions;
			};
			name = Release;
		};
/* End XCBuildConfiguration section */

/* Begin XCConfigurationList section */
		97302377250BC0970061CF99 /* Build configuration list for PBXProject "minecraftPotions" */ = {
			isa = XCConfigurationList;
			buildConfigurations = (
				973023A4250BC09F0061CF99 /* Debug */,
				973023A5250BC09F0061CF99 /* Release */,
			);
			defaultConfigurationIsVisible = 0;
			defaultConfigurationName = Release;
		};
		973023A6250BC09F0061CF99 /* Build configuration list for PBXNativeTarget "minecraftPotions" */ = {
			isa = XCConfigurationList;
			buildConfigurations = (
				973023A7250BC09F0061CF99 /* Debug */,
				973023A8250BC09F0061CF99 /* Release */,
			);
			defaultConfigurationIsVisible = 0;
			defaultConfigurationName = Release;
		};
		973023A9250BC09F0061CF99 /* Build configuration list for PBXNativeTarget "minecraftPotionsTests" */ = {
			isa = XCConfigurationList;
			buildConfigurations = (
				973023AA250BC09F0061CF99 /* Debug */,
				973023AB250BC09F0061CF99 /* Release */,
			);
			defaultConfigurationIsVisible = 0;
			defaultConfigurationName = Release;
		};
		973023AC250BC09F0061CF99 /* Build configuration list for PBXNativeTarget "minecraftPotionsUITests" */ = {
			isa = XCConfigurationList;
			buildConfigurations = (
				973023AD250BC09F0061CF99 /* Debug */,
				973023AE250BC09F0061CF99 /* Release */,
			);
			defaultConfigurationIsVisible = 0;
			defaultConfigurationName = Release;
		};
/* End XCConfigurationList section */
	};
	rootObject = 97302374250BC0970061CF99 /* Project object */;
}
